
Microsoft Visual Studio Solution File, Format Version 12.00
# Visual Studio Version 16
VisualStudioVersion = 25.0.1704.2
MinimumVisualStudioVersion = 10.0.40219.1
Project("{FAE04EC0-301F-11D3-BF4B-00C04F79EFBC}") = "LangNotes.Android", "LangNotes\LangNotes.Android\LangNotes.Android.csproj", "{B03C2A1C-2791-4E37-A3CA-40D9B85D521F}"
EndProject
Project("{FAE04EC0-301F-11D3-BF4B-00C04F79EFBC}") = "LangNotes.iOS", "LangNotes\LangNotes.iOS\LangNotes.iOS.csproj", "{05FD3FAA-3D2A-4B5A-B99B-D3062D1B362B}"
EndProject
Project("{FAE04EC0-301F-11D3-BF4B-00C04F79EFBC}") = "LangNotes", "LangNotes\LangNotes\LangNotes.csproj", "{0F65BC91-BB54-41FD-8103-10E4E81D31F3}"
EndProject
Global
	GlobalSection(SolutionConfigurationPlatforms) = preSolution
		Debug|Any CPU = Debug|Any CPU
		Release|Any CPU = Release|Any CPU
		Debug|iPhoneSimulator = Debug|iPhoneSimulator
		Release|iPhoneSimulator = Release|iPhoneSimulator
		Debug|iPhone = Debug|iPhone
		Release|iPhone = Release|iPhone
	EndGlobalSection
	GlobalSection(ProjectConfigurationPlatforms) = postSolution
		{B03C2A1C-2791-4E37-A3CA-40D9B85D521F}.Debug|Any CPU.ActiveCfg = Debug|Any CPU
		{B03C2A1C-2791-4E37-A3CA-40D9B85D521F}.Debug|Any CPU.Build.0 = Debug|Any CPU
		{B03C2A1C-2791-4E37-A3CA-40D9B85D521F}.Release|Any CPU.ActiveCfg = Release|Any CPU
		{B03C2A1C-2791-4E37-A3CA-40D9B85D521F}.Release|Any CPU.Build.0 = Release|Any CPU
		{B03C2A1C-2791-4E37-A3CA-40D9B85D521F}.Debug|iPhoneSimulator.ActiveCfg = Debug|Any CPU
		{B03C2A1C-2791-4E37-A3CA-40D9B85D521F}.Debug|iPhoneSimulator.Build.0 = Debug|Any CPU
		{B03C2A1C-2791-4E37-A3CA-40D9B85D521F}.Release|iPhoneSimulator.ActiveCfg = Release|Any CPU
		{B03C2A1C-2791-4E37-A3CA-40D9B85D521F}.Release|iPhoneSimulator.Build.0 = Release|Any CPU
		{B03C2A1C-2791-4E37-A3CA-40D9B85D521F}.Debug|iPhone.ActiveCfg = Debug|Any CPU
		{B03C2A1C-2791-4E37-A3CA-40D9B85D521F}.Debug|iPhone.Build.0 = Debug|Any CPU
		{B03C2A1C-2791-4E37-A3CA-40D9B85D521F}.Release|iPhone.ActiveCfg = Release|Any CPU
		{B03C2A1C-2791-4E37-A3CA-40D9B85D521F}.Release|iPhone.Build.0 = Release|Any CPU
		{05FD3FAA-3D2A-4B5A-B99B-D3062D1B362B}.Debug|Any CPU.ActiveCfg = Debug|iPhoneSimulator
		{05FD3FAA-3D2A-4B5A-B99B-D3062D1B362B}.Debug|Any CPU.Build.0 = Debug|iPhoneSimulator
		{05FD3FAA-3D2A-4B5A-B99B-D3062D1B362B}.Release|Any CPU.ActiveCfg = Release|iPhoneSimulator
		{05FD3FAA-3D2A-4B5A-B99B-D3062D1B362B}.Release|Any CPU.Build.0 = Release|iPhoneSimulator
		{05FD3FAA-3D2A-4B5A-B99B-D3062D1B362B}.Debug|iPhoneSimulator.ActiveCfg = Debug|iPhoneSimulator
		{05FD3FAA-3D2A-4B5A-B99B-D3062D1B362B}.Debug|iPhoneSimulator.Build.0 = Debug|iPhoneSimulator
		{05FD3FAA-3D2A-4B5A-B99B-D3062D1B362B}.Release|iPhoneSimulator.ActiveCfg = Release|iPhoneSimulator
		{05FD3FAA-3D2A-4B5A-B99B-D3062D1B362B}.Release|iPhoneSimulator.Build.0 = Release|iPhoneSimulator
		{05FD3FAA-3D2A-4B5A-B99B-D3062D1B362B}.Debug|iPhone.ActiveCfg = Debug|iPhone
		{05FD3FAA-3D2A-4B5A-B99B-D3062D1B362B}.Debug|iPhone.Build.0 = Debug|iPhone
		{05FD3FAA-3D2A-4B5A-B99B-D3062D1B362B}.Release|iPhone.ActiveCfg = Release|iPhone
		{05FD3FAA-3D2A-4B5A-B99B-D3062D1B362B}.Release|iPhone.Build.0 = Release|iPhone
		{0F65BC91-BB54-41FD-8103-10E4E81D31F3}.Debug|Any CPU.ActiveCfg = Debug|Any CPU
		{0F65BC91-BB54-41FD-8103-10E4E81D31F3}.Debug|Any CPU.Build.0 = Debug|Any CPU
		{0F65BC91-BB54-41FD-8103-10E4E81D31F3}.Release|Any CPU.ActiveCfg = Release|Any CPU
		{0F65BC91-BB54-41FD-8103-10E4E81D31F3}.Release|Any CPU.Build.0 = Release|Any CPU
		{0F65BC91-BB54-41FD-8103-10E4E81D31F3}.Debug|iPhoneSimulator.ActiveCfg = Debug|Any CPU
		{0F65BC91-BB54-41FD-8103-10E4E81D31F3}.Debug|iPhoneSimulator.Build.0 = Debug|Any CPU
		{0F65BC91-BB54-41FD-8103-10E4E81D31F3}.Release|iPhoneSimulator.ActiveCfg = Release|Any CPU
		{0F65BC91-BB54-41FD-8103-10E4E81D31F3}.Release|iPhoneSimulator.Build.0 = Release|Any CPU
		{0F65BC91-BB54-41FD-8103-10E4E81D31F3}.Debug|iPhone.ActiveCfg = Debug|Any CPU
		{0F65BC91-BB54-41FD-8103-10E4E81D31F3}.Debug|iPhone.Build.0 = Debug|Any CPU
		{0F65BC91-BB54-41FD-8103-10E4E81D31F3}.Release|iPhone.ActiveCfg = Release|Any CPU
		{0F65BC91-BB54-41FD-8103-10E4E81D31F3}.Release|iPhone.Build.0 = Release|Any CPU
	EndGlobalSection
	GlobalSection(SolutionProperties) = preSolution
		HideSolutionNode = FALSE
	EndGlobalSection
	GlobalSection(ExtensibilityGlobals) = postSolution
		SolutionGuid = {C7DDFAA4-1A61-4A84-A295-9050B5F09F69}
	EndGlobalSection
EndGlobal
